
Microsoft Visual Studio Solution File, Format Version 12.00
# Visual Studio Version 17
VisualStudioVersion = 17.11.35312.102
MinimumVisualStudioVersion = 10.0.40219.1
Project("{FAE04EC0-301F-11D3-BF4B-00C04F79EFBC}") = "DbScraper", "DbScraper\DbScraper.csproj", "{5DD56F55-5BF3-4387-9849-B9805B2305CC}"
EndProject
Global
	GlobalSection(SolutionConfigurationPlatforms) = preSolution
		Debug|Any CPU = Debug|Any CPU
		Release|Any CPU = Release|Any CPU
	EndGlobalSection
	GlobalSection(ProjectConfigurationPlatforms) = postSolution
		{5DD56F55-5BF3-4387-9849-B9805B2305CC}.Debug|Any CPU.ActiveCfg = Debug|Any CPU
		{5DD56F55-5BF3-4387-9849-B9805B2305CC}.Debug|Any CPU.Build.0 = Debug|Any CPU
		{5DD56F55-5BF3-4387-9849-B9805B2305CC}.Release|Any CPU.ActiveCfg = Release|Any CPU
		{5DD56F55-5BF3-4387-9849-B9805B2305CC}.Release|Any CPU.Build.0 = Release|Any CPU
	EndGlobalSection
	GlobalSection(SolutionProperties) = preSolution
		HideSolutionNode = FALSE
	EndGlobalSection
	GlobalSection(ExtensibilityGlobals) = postSolution
		SolutionGuid = {E09AE67B-E01F-4C9A-88D9-1C2428F13821}
	EndGlobalSection
EndGlobal
